
Microsoft Visual Studio Solution File, Format Version 12.00
# Visual Studio Version 17
VisualStudioVersion = 17.4.33205.214
MinimumVisualStudioVersion = 10.0.40219.1
Project("{FAE04EC0-301F-11D3-BF4B-00C04F79EFBC}") = "PigeonAPI", "PigeonAPI\PigeonAPI.csproj", "{1E3B7677-AAD8-4F97-BF33-09B66B8C968C}"
EndProject
Global
	GlobalSection(SolutionConfigurationPlatforms) = preSolution
		Debug|Any CPU = Debug|Any CPU
		Release|Any CPU = Release|Any CPU
	EndGlobalSection
	GlobalSection(ProjectConfigurationPlatforms) = postSolution
		{1E3B7677-AAD8-4F97-BF33-09B66B8C968C}.Debug|Any CPU.ActiveCfg = Debug|Any CPU
		{1E3B7677-AAD8-4F97-BF33-09B66B8C968C}.Debug|Any CPU.Build.0 = Debug|Any CPU
		{1E3B7677-AAD8-4F97-BF33-09B66B8C968C}.Release|Any CPU.ActiveCfg = Release|Any CPU
		{1E3B7677-AAD8-4F97-BF33-09B66B8C968C}.Release|Any CPU.Build.0 = Release|Any CPU
	EndGlobalSection
	GlobalSection(SolutionProperties) = preSolution
		HideSolutionNode = FALSE
	EndGlobalSection
	GlobalSection(ExtensibilityGlobals) = postSolution
		SolutionGuid = {4683AA0A-AC57-4610-AE4B-3F510798AC6F}
	EndGlobalSection
EndGlobal
